// !$*UTF8*$!
{
	archiveVersion = 1;
	classes = {
	};
	objectVersion = 56;
	objects = {

/* Begin PBXBuildFile section */
		CFE94970291CB85100BE399A /* LetsTalkApp.swift in Sources */ = {isa = PBXBuildFile; fileRef = CFE9496F291CB85100BE399A /* LetsTalkApp.swift */; };
		CFE94972291CB85100BE399A /* ContentView.swift in Sources */ = {isa = PBXBuildFile; fileRef = CFE94971291CB85100BE399A /* ContentView.swift */; };
		CFE94974291CB85200BE399A /* Assets.xcassets in Resources */ = {isa = PBXBuildFile; fileRef = CFE94973291CB85200BE399A /* Assets.xcassets */; };
		CFE94977291CB85200BE399A /* Preview Assets.xcassets in Resources */ = {isa = PBXBuildFile; fileRef = CFE94976291CB85200BE399A /* Preview Assets.xcassets */; };
		CFE94981291CB85200BE399A /* LetsTalkTests.swift in Sources */ = {isa = PBXBuildFile; fileRef = CFE94980291CB85200BE399A /* LetsTalkTests.swift */; };
		CFE9498B291CB85200BE399A /* LetsTalkUITests.swift in Sources */ = {isa = PBXBuildFile; fileRef = CFE9498A291CB85200BE399A /* LetsTalkUITests.swift */; };
		CFE9498D291CB85200BE399A /* LetsTalkUITestsLaunchTests.swift in Sources */ = {isa = PBXBuildFile; fileRef = CFE9498C291CB85200BE399A /* LetsTalkUITestsLaunchTests.swift */; };
/* End PBXBuildFile section */

/* Begin PBXContainerItemProxy section */
		CFE9497D291CB85200BE399A /* PBXContainerItemProxy */ = {
			isa = PBXContainerItemProxy;
			containerPortal = CFE94964291CB85100BE399A /* Project object */;
			proxyType = 1;
			remoteGlobalIDString = CFE9496B291CB85100BE399A;
			remoteInfo = LetsTalk;
		};
		CFE94987291CB85200BE399A /* PBXContainerItemProxy */ = {
			isa = PBXContainerItemProxy;
			containerPortal = CFE94964291CB85100BE399A /* Project object */;
			proxyType = 1;
			remoteGlobalIDString = CFE9496B291CB85100BE399A;
			remoteInfo = LetsTalk;
		};
/* End PBXContainerItemProxy section */

/* Begin PBXFileReference section */
		CFE9496C291CB85100BE399A /* LetsTalk.app */ = {isa = PBXFileReference; explicitFileType = wrapper.application; includeInIndex = 0; path = LetsTalk.app; sourceTree = BUILT_PRODUCTS_DIR; };
		CFE9496F291CB85100BE399A /* LetsTalkApp.swift */ = {isa = PBXFileReference; lastKnownFileType = sourcecode.swift; path = LetsTalkApp.swift; sourceTree = "<group>"; };
		CFE94971291CB85100BE399A /* ContentView.swift */ = {isa = PBXFileReference; lastKnownFileType = sourcecode.swift; path = ContentView.swift; sourceTree = "<group>"; };
		CFE94973291CB85200BE399A /* Assets.xcassets */ = {isa = PBXFileReference; lastKnownFileType = folder.assetcatalog; path = Assets.xcassets; sourceTree = "<group>"; };
		CFE94976291CB85200BE399A /* Preview Assets.xcassets */ = {isa = PBXFileReference; lastKnownFileType = folder.assetcatalog; path = "Preview Assets.xcassets"; sourceTree = "<group>"; };
		CFE9497C291CB85200BE399A /* LetsTalkTests.xctest */ = {isa = PBXFileReference; explicitFileType = wrapper.cfbundle; includeInIndex = 0; path = LetsTalkTests.xctest; sourceTree = BUILT_PRODUCTS_DIR; };
		CFE94980291CB85200BE399A /* LetsTalkTests.swift */ = {isa = PBXFileReference; lastKnownFileType = sourcecode.swift; path = LetsTalkTests.swift; sourceTree = "<group>"; };
		CFE94986291CB85200BE399A /* LetsTalkUITests.xctest */ = {isa = PBXFileReference; explicitFileType = wrapper.cfbundle; includeInIndex = 0; path = LetsTalkUITests.xctest; sourceTree = BUILT_PRODUCTS_DIR; };
		CFE9498A291CB85200BE399A /* LetsTalkUITests.swift */ = {isa = PBXFileReference; lastKnownFileType = sourcecode.swift; path = LetsTalkUITests.swift; sourceTree = "<group>"; };
		CFE9498C291CB85200BE399A /* LetsTalkUITestsLaunchTests.swift */ = {isa = PBXFileReference; lastKnownFileType = sourcecode.swift; path = LetsTalkUITestsLaunchTests.swift; sourceTree = "<group>"; };
/* End PBXFileReference section */

/* Begin PBXFrameworksBuildPhase section */
		CFE94969291CB85100BE399A /* Frameworks */ = {
			isa = PBXFrameworksBuildPhase;
			buildActionMask = 2147483647;
			files = (
			);
			runOnlyForDeploymentPostprocessing = 0;
		};
		CFE94979291CB85200BE399A /* Frameworks */ = {
			isa = PBXFrameworksBuildPhase;
			buildActionMask = 2147483647;
			files = (
			);
			runOnlyForDeploymentPostprocessing = 0;
		};
		CFE94983291CB85200BE399A /* Frameworks */ = {
			isa = PBXFrameworksBuildPhase;
			buildActionMask = 2147483647;
			files = (
			);
			runOnlyForDeploymentPostprocessing = 0;
		};
/* End PBXFrameworksBuildPhase section */

/* Begin PBXGroup section */
		CFE94963291CB85100BE399A = {
			isa = PBXGroup;
			children = (
				CFE9496E291CB85100BE399A /* LetsTalk */,
				CFE9497F291CB85200BE399A /* LetsTalkTests */,
				CFE94989291CB85200BE399A /* LetsTalkUITests */,
				CFE9496D291CB85100BE399A /* Products */,
			);
			sourceTree = "<group>";
		};
		CFE9496D291CB85100BE399A /* Products */ = {
			isa = PBXGroup;
			children = (
				CFE9496C291CB85100BE399A /* LetsTalk.app */,
				CFE9497C291CB85200BE399A /* LetsTalkTests.xctest */,
				CFE94986291CB85200BE399A /* LetsTalkUITests.xctest */,
			);
			name = Products;
			sourceTree = "<group>";
		};
		CFE9496E291CB85100BE399A /* LetsTalk */ = {
			isa = PBXGroup;
			children = (
				CFE9496F291CB85100BE399A /* LetsTalkApp.swift */,
				CFE94971291CB85100BE399A /* ContentView.swift */,
				CFE94973291CB85200BE399A /* Assets.xcassets */,
				CFE94975291CB85200BE399A /* Preview Content */,
			);
			path = LetsTalk;
			sourceTree = "<group>";
		};
		CFE94975291CB85200BE399A /* Preview Content */ = {
			isa = PBXGroup;
			children = (
				CFE94976291CB85200BE399A /* Preview Assets.xcassets */,
			);
			path = "Preview Content";
			sourceTree = "<group>";
		};
		CFE9497F291CB85200BE399A /* LetsTalkTests */ = {
			isa = PBXGroup;
			children = (
				CFE94980291CB85200BE399A /* LetsTalkTests.swift */,
			);
			path = LetsTalkTests;
			sourceTree = "<group>";
		};
		CFE94989291CB85200BE399A /* LetsTalkUITests */ = {
			isa = PBXGroup;
			children = (
				CFE9498A291CB85200BE399A /* LetsTalkUITests.swift */,
				CFE9498C291CB85200BE399A /* LetsTalkUITestsLaunchTests.swift */,
			);
			path = LetsTalkUITests;
			sourceTree = "<group>";
		};
/* End PBXGroup section */

/* Begin PBXNativeTarget section */
		CFE9496B291CB85100BE399A /* LetsTalk */ = {
			isa = PBXNativeTarget;
			buildConfigurationList = CFE94990291CB85200BE399A /* Build configuration list for PBXNativeTarget "LetsTalk" */;
			buildPhases = (
				CFE94968291CB85100BE399A /* Sources */,
				CFE94969291CB85100BE399A /* Frameworks */,
				CFE9496A291CB85100BE399A /* Resources */,
			);
			buildRules = (
			);
			dependencies = (
			);
			name = LetsTalk;
			productName = LetsTalk;
			productReference = CFE9496C291CB85100BE399A /* LetsTalk.app */;
			productType = "com.apple.product-type.application";
		};
		CFE9497B291CB85200BE399A /* LetsTalkTests */ = {
			isa = PBXNativeTarget;
			buildConfigurationList = CFE94993291CB85200BE399A /* Build configuration list for PBXNativeTarget "LetsTalkTests" */;
			buildPhases = (
				CFE94978291CB85200BE399A /* Sources */,
				CFE94979291CB85200BE399A /* Frameworks */,
				CFE9497A291CB85200BE399A /* Resources */,
			);
			buildRules = (
			);
			dependencies = (
				CFE9497E291CB85200BE399A /* PBXTargetDependency */,
			);
			name = LetsTalkTests;
			productName = LetsTalkTests;
			productReference = CFE9497C291CB85200BE399A /* LetsTalkTests.xctest */;
			productType = "com.apple.product-type.bundle.unit-test";
		};
		CFE94985291CB85200BE399A /* LetsTalkUITests */ = {
			isa = PBXNativeTarget;
			buildConfigurationList = CFE94996291CB85200BE399A /* Build configuration list for PBXNativeTarget "LetsTalkUITests" */;
			buildPhases = (
				CFE94982291CB85200BE399A /* Sources */,
				CFE94983291CB85200BE399A /* Frameworks */,
				CFE94984291CB85200BE399A /* Resources */,
			);
			buildRules = (
			);
			dependencies = (
				CFE94988291CB85200BE399A /* PBXTargetDependency */,
			);
			name = LetsTalkUITests;
			productName = LetsTalkUITests;
			productReference = CFE94986291CB85200BE399A /* LetsTalkUITests.xctest */;
			productType = "com.apple.product-type.bundle.ui-testing";
		};
/* End PBXNativeTarget section */

/* Begin PBXProject section */
		CFE94964291CB85100BE399A /* Project object */ = {
			isa = PBXProject;
			attributes = {
				BuildIndependentTargetsInParallel = 1;
				LastSwiftUpdateCheck = 1410;
				LastUpgradeCheck = 1410;
				TargetAttributes = {
					CFE9496B291CB85100BE399A = {
						CreatedOnToolsVersion = 14.1;
					};
					CFE9497B291CB85200BE399A = {
						CreatedOnToolsVersion = 14.1;
						TestTargetID = CFE9496B291CB85100BE399A;
					};
					CFE94985291CB85200BE399A = {
						CreatedOnToolsVersion = 14.1;
						TestTargetID = CFE9496B291CB85100BE399A;
					};
				};
			};
			buildConfigurationList = CFE94967291CB85100BE399A /* Build configuration list for PBXProject "LetsTalk" */;
			compatibilityVersion = "Xcode 14.0";
			developmentRegion = en;
			hasScannedForEncodings = 0;
			knownRegions = (
				en,
				Base,
			);
			mainGroup = CFE94963291CB85100BE399A;
			productRefGroup = CFE9496D291CB85100BE399A /* Products */;
			projectDirPath = "";
			projectRoot = "";
			targets = (
				CFE9496B291CB85100BE399A /* LetsTalk */,
				CFE9497B291CB85200BE399A /* LetsTalkTests */,
				CFE94985291CB85200BE399A /* LetsTalkUITests */,
			);
		};
/* End PBXProject section */

/* Begin PBXResourcesBuildPhase section */
		CFE9496A291CB85100BE399A /* Resources */ = {
			isa = PBXResourcesBuildPhase;
			buildActionMask = 2147483647;
			files = (
				CFE94977291CB85200BE399A /* Preview Assets.xcassets in Resources */,
				CFE94974291CB85200BE399A /* Assets.xcassets in Resources */,
			);
			runOnlyForDeploymentPostprocessing = 0;
		};
		CFE9497A291CB85200BE399A /* Resources */ = {
			isa = PBXResourcesBuildPhase;
			buildActionMask = 2147483647;
			files = (
			);
			runOnlyForDeploymentPostprocessing = 0;
		};
		CFE94984291CB85200BE399A /* Resources */ = {
			isa = PBXResourcesBuildPhase;
			buildActionMask = 2147483647;
			files = (
			);
			runOnlyForDeploymentPostprocessing = 0;
		};
/* End PBXResourcesBuildPhase section */

/* Begin PBXSourcesBuildPhase section */
		CFE94968291CB85100BE399A /* Sources */ = {
			isa = PBXSourcesBuildPhase;
			buildActionMask = 2147483647;
			files = (
				CFE94972291CB85100BE399A /* ContentView.swift in Sources */,
				CFE94970291CB85100BE399A /* LetsTalkApp.swift in Sources */,
			);
			runOnlyForDeploymentPostprocessing = 0;
		};
		CFE94978291CB85200BE399A /* Sources */ = {
			isa = PBXSourcesBuildPhase;
			buildActionMask = 2147483647;
			files = (
				CFE94981291CB85200BE399A /* LetsTalkTests.swift in Sources */,
			);
			runOnlyForDeploymentPostprocessing = 0;
		};
		CFE94982291CB85200BE399A /* Sources */ = {
			isa = PBXSourcesBuildPhase;
			buildActionMask = 2147483647;
			files = (
				CFE9498D291CB85200BE399A /* LetsTalkUITestsLaunchTests.swift in Sources */,
				CFE9498B291CB85200BE399A /* LetsTalkUITests.swift in Sources */,
			);
			runOnlyForDeploymentPostprocessing = 0;
		};
/* End PBXSourcesBuildPhase section */

/* Begin PBXTargetDependency section */
		CFE9497E291CB85200BE399A /* PBXTargetDependency */ = {
			isa = PBXTargetDependency;
			target = CFE9496B291CB85100BE399A /* LetsTalk */;
			targetProxy = CFE9497D291CB85200BE399A /* PBXContainerItemProxy */;
		};
		CFE94988291CB85200BE399A /* PBXTargetDependency */ = {
			isa = PBXTargetDependency;
			target = CFE9496B291CB85100BE399A /* LetsTalk */;
			targetProxy = CFE94987291CB85200BE399A /* PBXContainerItemProxy */;
		};
/* End PBXTargetDependency section */

/* Begin XCBuildConfiguration section */
		CFE9498E291CB85200BE399A /* Debug */ = {
			isa = XCBuildConfiguration;
			buildSettings = {
				ALWAYS_SEARCH_USER_PATHS = NO;
				CLANG_ANALYZER_NONNULL = YES;
				CLANG_ANALYZER_NUMBER_OBJECT_CONVERSION = YES_AGGRESSIVE;
				CLANG_CXX_LANGUAGE_STANDARD = "gnu++20";
				CLANG_ENABLE_MODULES = YES;
				CLANG_ENABLE_OBJC_ARC = YES;
				CLANG_ENABLE_OBJC_WEAK = YES;
				CLANG_WARN_BLOCK_CAPTURE_AUTORELEASING = YES;
				CLANG_WARN_BOOL_CONVERSION = YES;
				CLANG_WARN_COMMA = YES;
				CLANG_WARN_CONSTANT_CONVERSION = YES;
				CLANG_WARN_DEPRECATED_OBJC_IMPLEMENTATIONS = YES;
				CLANG_WARN_DIRECT_OBJC_ISA_USAGE = YES_ERROR;
				CLANG_WARN_DOCUMENTATION_COMMENTS = YES;
				CLANG_WARN_EMPTY_BODY = YES;
				CLANG_WARN_ENUM_CONVERSION = YES;
				CLANG_WARN_INFINITE_RECURSION = YES;
				CLANG_WARN_INT_CONVERSION = YES;
				CLANG_WARN_NON_LITERAL_NULL_CONVERSION = YES;
				CLANG_WARN_OBJC_IMPLICIT_RETAIN_SELF = YES;
				CLANG_WARN_OBJC_LITERAL_CONVERSION = YES;
				CLANG_WARN_OBJC_ROOT_CLASS = YES_ERROR;
				CLANG_WARN_QUOTED_INCLUDE_IN_FRAMEWORK_HEADER = YES;
				CLANG_WARN_RANGE_LOOP_ANALYSIS = YES;
				CLANG_WARN_STRICT_PROTOTYPES = YES;
				CLANG_WARN_SUSPICIOUS_MOVE = YES;
				CLANG_WARN_UNGUARDED_AVAILABILITY = YES_AGGRESSIVE;
				CLANG_WARN_UNREACHABLE_CODE = YES;
				CLANG_WARN__DUPLICATE_METHOD_MATCH = YES;
				COPY_PHASE_STRIP = NO;
				DEBUG_INFORMATION_FORMAT = dwarf;
				ENABLE_STRICT_OBJC_MSGSEND = YES;
				ENABLE_TESTABILITY = YES;
				GCC_C_LANGUAGE_STANDARD = gnu11;
				GCC_DYNAMIC_NO_PIC = NO;
				GCC_NO_COMMON_BLOCKS = YES;
				GCC_OPTIMIZATION_LEVEL = 0;
				GCC_PREPROCESSOR_DEFINITIONS = (
					"DEBUG=1",
					"$(inherited)",
				);
				GCC_WARN_64_TO_32_BIT_CONVERSION = YES;
				GCC_WARN_ABOUT_RETURN_TYPE = YES_ERROR;
				GCC_WARN_UNDECLARED_SELECTOR = YES;
				GCC_WARN_UNINITIALIZED_AUTOS = YES_AGGRESSIVE;
				GCC_WARN_UNUSED_FUNCTION = YES;
				GCC_WARN_UNUSED_VARIABLE = YES;
				IPHONEOS_DEPLOYMENT_TARGET = 16.1;
				MTL_ENABLE_DEBUG_INFO = INCLUDE_SOURCE;
				MTL_FAST_MATH = YES;
				ONLY_ACTIVE_ARCH = YES;
				SDKROOT = iphoneos;
				SWIFT_ACTIVE_COMPILATION_CONDITIONS = DEBUG;
				SWIFT_OPTIMIZATION_LEVEL = "-Onone";
			};
			name = Debug;
		};
		CFE9498F291CB85200BE399A /* Release */ = {
			isa = XCBuildConfiguration;
			buildSettings = {
				ALWAYS_SEARCH_USER_PATHS = NO;
				CLANG_ANALYZER_NONNULL = YES;
				CLANG_ANALYZER_NUMBER_OBJECT_CONVERSION = YES_AGGRESSIVE;
				CLANG_CXX_LANGUAGE_STANDARD = "gnu++20";
				CLANG_ENABLE_MODULES = YES;
				CLANG_ENABLE_OBJC_ARC = YES;
				CLANG_ENABLE_OBJC_WEAK = YES;
				CLANG_WARN_BLOCK_CAPTURE_AUTORELEASING = YES;
				CLANG_WARN_BOOL_CONVERSION = YES;
				CLANG_WARN_COMMA = YES;
				CLANG_WARN_CONSTANT_CONVERSION = YES;
				CLANG_WARN_DEPRECATED_OBJC_IMPLEMENTATIONS = YES;
				CLANG_WARN_DIRECT_OBJC_ISA_USAGE = YES_ERROR;
				CLANG_WARN_DOCUMENTATION_COMMENTS = YES;
				CLANG_WARN_EMPTY_BODY = YES;
				CLANG_WARN_ENUM_CONVERSION = YES;
				CLANG_WARN_INFINITE_RECURSION = YES;
				CLANG_WARN_INT_CONVERSION = YES;
				CLANG_WARN_NON_LITERAL_NULL_CONVERSION = YES;
				CLANG_WARN_OBJC_IMPLICIT_RETAIN_SELF = YES;
				CLANG_WARN_OBJC_LITERAL_CONVERSION = YES;
				CLANG_WARN_OBJC_ROOT_CLASS = YES_ERROR;
				CLANG_WARN_QUOTED_INCLUDE_IN_FRAMEWORK_HEADER = YES;
				CLANG_WARN_RANGE_LOOP_ANALYSIS = YES;
				CLANG_WARN_STRICT_PROTOTYPES = YES;
				CLANG_WARN_SUSPICIOUS_MOVE = YES;
				CLANG_WARN_UNGUARDED_AVAILABILITY = YES_AGGRESSIVE;
				CLANG_WARN_UNREACHABLE_CODE = YES;
				CLANG_WARN__DUPLICATE_METHOD_MATCH = YES;
				COPY_PHASE_STRIP = NO;
				DEBUG_INFORMATION_FORMAT = "dwarf-with-dsym";
				ENABLE_NS_ASSERTIONS = NO;
				ENABLE_STRICT_OBJC_MSGSEND = YES;
				GCC_C_LANGUAGE_STANDARD = gnu11;
				GCC_NO_COMMON_BLOCKS = YES;
				GCC_WARN_64_TO_32_BIT_CONVERSION = YES;
				GCC_WARN_ABOUT_RETURN_TYPE = YES_ERROR;
				GCC_WARN_UNDECLARED_SELECTOR = YES;
				GCC_WARN_UNINITIALIZED_AUTOS = YES_AGGRESSIVE;
				GCC_WARN_UNUSED_FUNCTION = YES;
				GCC_WARN_UNUSED_VARIABLE = YES;
				IPHONEOS_DEPLOYMENT_TARGET = 16.1;
				MTL_ENABLE_DEBUG_INFO = NO;
				MTL_FAST_MATH = YES;
				SDKROOT = iphoneos;
				SWIFT_COMPILATION_MODE = wholemodule;
				SWIFT_OPTIMIZATION_LEVEL = "-O";
				VALIDATE_PRODUCT = YES;
			};
			name = Release;
		};
		CFE94991291CB85200BE399A /* Debug */ = {
			isa = XCBuildConfiguration;
			buildSettings = {
				ASSETCATALOG_COMPILER_APPICON_NAME = AppIcon;
				ASSETCATALOG_COMPILER_GLOBAL_ACCENT_COLOR_NAME = AccentColor;
				CODE_SIGN_STYLE = Automatic;
				CURRENT_PROJECT_VERSION = 1;
				DEVELOPMENT_ASSET_PATHS = "\"LetsTalk/Preview Content\"";
				DEVELOPMENT_TEAM = 77LQ2AC6A3;
				ENABLE_PREVIEWS = YES;
				GENERATE_INFOPLIST_FILE = YES;
				INFOPLIST_KEY_UIApplicationSceneManifest_Generation = YES;
				INFOPLIST_KEY_UIApplicationSupportsIndirectInputEvents = YES;
				INFOPLIST_KEY_UILaunchScreen_Generation = YES;
				INFOPLIST_KEY_UISupportedInterfaceOrientations_iPad = "UIInterfaceOrientationPortrait UIInterfaceOrientationPortraitUpsideDown UIInterfaceOrientationLandscapeLeft UIInterfaceOrientationLandscapeRight";
				INFOPLIST_KEY_UISupportedInterfaceOrientations_iPhone = "UIInterfaceOrientationPortrait UIInterfaceOrientationLandscapeLeft UIInterfaceOrientationLandscapeRight";
				LD_RUNPATH_SEARCH_PATHS = (
					"$(inherited)",
					"@executable_path/Frameworks",
				);
				MARKETING_VERSION = 1.0;
				PRODUCT_BUNDLE_IDENTIFIER = OOAD.LetsTalk;
				PRODUCT_NAME = "$(TARGET_NAME)";
				SWIFT_EMIT_LOC_STRINGS = YES;
				SWIFT_VERSION = 5.0;
				TARGETED_DEVICE_FAMILY = "1,2";
			};
			name = Debug;
		};
		CFE94992291CB85200BE399A /* Release */ = {
			isa = XCBuildConfiguration;
			buildSettings = {
				ASSETCATALOG_COMPILER_APPICON_NAME = AppIcon;
				ASSETCATALOG_COMPILER_GLOBAL_ACCENT_COLOR_NAME = AccentColor;
				CODE_SIGN_STYLE = Automatic;
				CURRENT_PROJECT_VERSION = 1;
				DEVELOPMENT_ASSET_PATHS = "\"LetsTalk/Preview Content\"";
				DEVELOPMENT_TEAM = 77LQ2AC6A3;
				ENABLE_PREVIEWS = YES;
				GENERATE_INFOPLIST_FILE = YES;
				INFOPLIST_KEY_UIApplicationSceneManifest_Generation = YES;
				INFOPLIST_KEY_UIApplicationSupportsIndirectInputEvents = YES;
				INFOPLIST_KEY_UILaunchScreen_Generation = YES;
				INFOPLIST_KEY_UISupportedInterfaceOrientations_iPad = "UIInterfaceOrientationPortrait UIInterfaceOrientationPortraitUpsideDown UIInterfaceOrientationLandscapeLeft UIInterfaceOrientationLandscapeRight";
				INFOPLIST_KEY_UISupportedInterfaceOrientations_iPhone = "UIInterfaceOrientationPortrait UIInterfaceOrientationLandscapeLeft UIInterfaceOrientationLandscapeRight";
				LD_RUNPATH_SEARCH_PATHS = (
					"$(inherited)",
					"@executable_path/Frameworks",
				);
				MARKETING_VERSION = 1.0;
				PRODUCT_BUNDLE_IDENTIFIER = OOAD.LetsTalk;
				PRODUCT_NAME = "$(TARGET_NAME)";
				SWIFT_EMIT_LOC_STRINGS = YES;
				SWIFT_VERSION = 5.0;
				TARGETED_DEVICE_FAMILY = "1,2";
			};
			name = Release;
		};
		CFE94994291CB85200BE399A /* Debug */ = {
			isa = XCBuildConfiguration;
			buildSettings = {
				ALWAYS_EMBED_SWIFT_STANDARD_LIBRARIES = YES;
				BUNDLE_LOADER = "$(TEST_HOST)";
				CODE_SIGN_STYLE = Automatic;
				CURRENT_PROJECT_VERSION = 1;
				DEVELOPMENT_TEAM = 77LQ2AC6A3;
				GENERATE_INFOPLIST_FILE = YES;
				IPHONEOS_DEPLOYMENT_TARGET = 16.1;
				MARKETING_VERSION = 1.0;
				PRODUCT_BUNDLE_IDENTIFIER = OOAD.LetsTalkTests;
				PRODUCT_NAME = "$(TARGET_NAME)";
				SWIFT_EMIT_LOC_STRINGS = NO;
				SWIFT_VERSION = 5.0;
				TARGETED_DEVICE_FAMILY = "1,2";
				TEST_HOST = "$(BUILT_PRODUCTS_DIR)/LetsTalk.app/$(BUNDLE_EXECUTABLE_FOLDER_PATH)/LetsTalk";
			};
			name = Debug;
		};
		CFE94995291CB85200BE399A /* Release */ = {
			isa = XCBuildConfiguration;
			buildSettings = {
				ALWAYS_EMBED_SWIFT_STANDARD_LIBRARIES = YES;
				BUNDLE_LOADER = "$(TEST_HOST)";
				CODE_SIGN_STYLE = Automatic;
				CURRENT_PROJECT_VERSION = 1;
				DEVELOPMENT_TEAM = 77LQ2AC6A3;
				GENERATE_INFOPLIST_FILE = YES;
				IPHONEOS_DEPLOYMENT_TARGET = 16.1;
				MARKETING_VERSION = 1.0;
				PRODUCT_BUNDLE_IDENTIFIER = OOAD.LetsTalkTests;
				PRODUCT_NAME = "$(TARGET_NAME)";
				SWIFT_EMIT_LOC_STRINGS = NO;
				SWIFT_VERSION = 5.0;
				TARGETED_DEVICE_FAMILY = "1,2";
				TEST_HOST = "$(BUILT_PRODUCTS_DIR)/LetsTalk.app/$(BUNDLE_EXECUTABLE_FOLDER_PATH)/LetsTalk";
			};
			name = Release;
		};
		CFE94997291CB85200BE399A /* Debug */ = {
			isa = XCBuildConfiguration;
			buildSettings = {
				ALWAYS_EMBED_SWIFT_STANDARD_LIBRARIES = YES;
				CODE_SIGN_STYLE = Automatic;
				CURRENT_PROJECT_VERSION = 1;
				DEVELOPMENT_TEAM = 77LQ2AC6A3;
				GENERATE_INFOPLIST_FILE = YES;
				MARKETING_VERSION = 1.0;
				PRODUCT_BUNDLE_IDENTIFIER = OOAD.LetsTalkUITests;
				PRODUCT_NAME = "$(TARGET_NAME)";
				SWIFT_EMIT_LOC_STRINGS = NO;
				SWIFT_VERSION = 5.0;
				TARGETED_DEVICE_FAMILY = "1,2";
				TEST_TARGET_NAME = LetsTalk;
			};
			name = Debug;
		};
		CFE94998291CB85200BE399A /* Release */ = {
			isa = XCBuildConfiguration;
			buildSettings = {
				ALWAYS_EMBED_SWIFT_STANDARD_LIBRARIES = YES;
				CODE_SIGN_STYLE = Automatic;
				CURRENT_PROJECT_VERSION = 1;
				DEVELOPMENT_TEAM = 77LQ2AC6A3;
				GENERATE_INFOPLIST_FILE = YES;
				MARKETING_VERSION = 1.0;
				PRODUCT_BUNDLE_IDENTIFIER = OOAD.LetsTalkUITests;
				PRODUCT_NAME = "$(TARGET_NAME)";
				SWIFT_EMIT_LOC_STRINGS = NO;
				SWIFT_VERSION = 5.0;
				TARGETED_DEVICE_FAMILY = "1,2";
				TEST_TARGET_NAME = LetsTalk;
			};
			name = Release;
		};
/* End XCBuildConfiguration section */

/* Begin XCConfigurationList section */
		CFE94967291CB85100BE399A /* Build configuration list for PBXProject "LetsTalk" */ = {
			isa = XCConfigurationList;
			buildConfigurations = (
				CFE9498E291CB85200BE399A /* Debug */,
				CFE9498F291CB85200BE399A /* Release */,
			);
			defaultConfigurationIsVisible = 0;
			defaultConfigurationName = Release;
		};
		CFE94990291CB85200BE399A /* Build configuration list for PBXNativeTarget "LetsTalk" */ = {
			isa = XCConfigurationList;
			buildConfigurations = (
				CFE94991291CB85200BE399A /* Debug */,
				CFE94992291CB85200BE399A /* Release */,
			);
			defaultConfigurationIsVisible = 0;
			defaultConfigurationName = Release;
		};
		CFE94993291CB85200BE399A /* Build configuration list for PBXNativeTarget "LetsTalkTests" */ = {
			isa = XCConfigurationList;
			buildConfigurations = (
				CFE94994291CB85200BE399A /* Debug */,
				CFE94995291CB85200BE399A /* Release */,
			);
			defaultConfigurationIsVisible = 0;
			defaultConfigurationName = Release;
		};
		CFE94996291CB85200BE399A /* Build configuration list for PBXNativeTarget "LetsTalkUITests" */ = {
			isa = XCConfigurationList;
			buildConfigurations = (
				CFE94997291CB85200BE399A /* Debug */,
				CFE94998291CB85200BE399A /* Release */,
			);
			defaultConfigurationIsVisible = 0;
			defaultConfigurationName = Release;
		};
/* End XCConfigurationList section */
	};
	rootObject = CFE94964291CB85100BE399A /* Project object */;
}
