// !$*UTF8*$!
{
	archiveVersion = 1;
	classes = {
	};
	objectVersion = 56;
	objects = {

/* Begin PBXBuildFile section */
		CF28F61A291F4830009EA839 /* AppDelegate.swift in Sources */ = {isa = PBXBuildFile; fileRef = CF28F619291F4830009EA839 /* AppDelegate.swift */; };
		CF28F61C291F4830009EA839 /* SceneDelegate.swift in Sources */ = {isa = PBXBuildFile; fileRef = CF28F61B291F4830009EA839 /* SceneDelegate.swift */; };
		CF28F61E291F4830009EA839 /* ViewController.swift in Sources */ = {isa = PBXBuildFile; fileRef = CF28F61D291F4830009EA839 /* ViewController.swift */; };
		CF28F621291F4830009EA839 /* Main.storyboard in Resources */ = {isa = PBXBuildFile; fileRef = CF28F61F291F4830009EA839 /* Main.storyboard */; };
		CF28F623291F4831009EA839 /* Assets.xcassets in Resources */ = {isa = PBXBuildFile; fileRef = CF28F622291F4831009EA839 /* Assets.xcassets */; };
		CF28F626291F4831009EA839 /* LaunchScreen.storyboard in Resources */ = {isa = PBXBuildFile; fileRef = CF28F624291F4831009EA839 /* LaunchScreen.storyboard */; };
		CF28F631291F4831009EA839 /* LetsTalkTests.swift in Sources */ = {isa = PBXBuildFile; fileRef = CF28F630291F4831009EA839 /* LetsTalkTests.swift */; };
		CF28F63B291F4831009EA839 /* LetsTalkUITests.swift in Sources */ = {isa = PBXBuildFile; fileRef = CF28F63A291F4831009EA839 /* LetsTalkUITests.swift */; };
		CF28F63D291F4831009EA839 /* LetsTalkUITestsLaunchTests.swift in Sources */ = {isa = PBXBuildFile; fileRef = CF28F63C291F4831009EA839 /* LetsTalkUITestsLaunchTests.swift */; };
/* End PBXBuildFile section */

/* Begin PBXContainerItemProxy section */
		CF28F62D291F4831009EA839 /* PBXContainerItemProxy */ = {
			isa = PBXContainerItemProxy;
			containerPortal = CF28F60E291F4830009EA839 /* Project object */;
			proxyType = 1;
			remoteGlobalIDString = CF28F615291F4830009EA839;
			remoteInfo = LetsTalk;
		};
		CF28F637291F4831009EA839 /* PBXContainerItemProxy */ = {
			isa = PBXContainerItemProxy;
			containerPortal = CF28F60E291F4830009EA839 /* Project object */;
			proxyType = 1;
			remoteGlobalIDString = CF28F615291F4830009EA839;
			remoteInfo = LetsTalk;
		};
/* End PBXContainerItemProxy section */

/* Begin PBXFileReference section */
		CF28F616291F4830009EA839 /* LetsTalk.app */ = {isa = PBXFileReference; explicitFileType = wrapper.application; includeInIndex = 0; path = LetsTalk.app; sourceTree = BUILT_PRODUCTS_DIR; };
		CF28F619291F4830009EA839 /* AppDelegate.swift */ = {isa = PBXFileReference; lastKnownFileType = sourcecode.swift; path = AppDelegate.swift; sourceTree = "<group>"; };
		CF28F61B291F4830009EA839 /* SceneDelegate.swift */ = {isa = PBXFileReference; lastKnownFileType = sourcecode.swift; path = SceneDelegate.swift; sourceTree = "<group>"; };
		CF28F61D291F4830009EA839 /* ViewController.swift */ = {isa = PBXFileReference; lastKnownFileType = sourcecode.swift; path = ViewController.swift; sourceTree = "<group>"; };
		CF28F620291F4830009EA839 /* Base */ = {isa = PBXFileReference; lastKnownFileType = file.storyboard; name = Base; path = Base.lproj/Main.storyboard; sourceTree = "<group>"; };
		CF28F622291F4831009EA839 /* Assets.xcassets */ = {isa = PBXFileReference; lastKnownFileType = folder.assetcatalog; path = Assets.xcassets; sourceTree = "<group>"; };
		CF28F625291F4831009EA839 /* Base */ = {isa = PBXFileReference; lastKnownFileType = file.storyboard; name = Base; path = Base.lproj/LaunchScreen.storyboard; sourceTree = "<group>"; };
		CF28F627291F4831009EA839 /* Info.plist */ = {isa = PBXFileReference; lastKnownFileType = text.plist.xml; path = Info.plist; sourceTree = "<group>"; };
		CF28F62C291F4831009EA839 /* LetsTalkTests.xctest */ = {isa = PBXFileReference; explicitFileType = wrapper.cfbundle; includeInIndex = 0; path = LetsTalkTests.xctest; sourceTree = BUILT_PRODUCTS_DIR; };
		CF28F630291F4831009EA839 /* LetsTalkTests.swift */ = {isa = PBXFileReference; lastKnownFileType = sourcecode.swift; path = LetsTalkTests.swift; sourceTree = "<group>"; };
		CF28F636291F4831009EA839 /* LetsTalkUITests.xctest */ = {isa = PBXFileReference; explicitFileType = wrapper.cfbundle; includeInIndex = 0; path = LetsTalkUITests.xctest; sourceTree = BUILT_PRODUCTS_DIR; };
		CF28F63A291F4831009EA839 /* LetsTalkUITests.swift */ = {isa = PBXFileReference; lastKnownFileType = sourcecode.swift; path = LetsTalkUITests.swift; sourceTree = "<group>"; };
		CF28F63C291F4831009EA839 /* LetsTalkUITestsLaunchTests.swift */ = {isa = PBXFileReference; lastKnownFileType = sourcecode.swift; path = LetsTalkUITestsLaunchTests.swift; sourceTree = "<group>"; };
/* End PBXFileReference section */

/* Begin PBXFrameworksBuildPhase section */
		CF28F613291F4830009EA839 /* Frameworks */ = {
			isa = PBXFrameworksBuildPhase;
			buildActionMask = 2147483647;
			files = (
			);
			runOnlyForDeploymentPostprocessing = 0;
		};
		CF28F629291F4831009EA839 /* Frameworks */ = {
			isa = PBXFrameworksBuildPhase;
			buildActionMask = 2147483647;
			files = (
			);
			runOnlyForDeploymentPostprocessing = 0;
		};
		CF28F633291F4831009EA839 /* Frameworks */ = {
			isa = PBXFrameworksBuildPhase;
			buildActionMask = 2147483647;
			files = (
			);
			runOnlyForDeploymentPostprocessing = 0;
		};
/* End PBXFrameworksBuildPhase section */

/* Begin PBXGroup section */
		CF28F60D291F4830009EA839 = {
			isa = PBXGroup;
			children = (
				CF28F618291F4830009EA839 /* LetsTalk */,
				CF28F62F291F4831009EA839 /* LetsTalkTests */,
				CF28F639291F4831009EA839 /* LetsTalkUITests */,
				CF28F617291F4830009EA839 /* Products */,
			);
			sourceTree = "<group>";
		};
		CF28F617291F4830009EA839 /* Products */ = {
			isa = PBXGroup;
			children = (
				CF28F616291F4830009EA839 /* LetsTalk.app */,
				CF28F62C291F4831009EA839 /* LetsTalkTests.xctest */,
				CF28F636291F4831009EA839 /* LetsTalkUITests.xctest */,
			);
			name = Products;
			sourceTree = "<group>";
		};
		CF28F618291F4830009EA839 /* LetsTalk */ = {
			isa = PBXGroup;
			children = (
				CF28F619291F4830009EA839 /* AppDelegate.swift */,
				CF28F61B291F4830009EA839 /* SceneDelegate.swift */,
				CF28F61D291F4830009EA839 /* ViewController.swift */,
				CF28F61F291F4830009EA839 /* Main.storyboard */,
				CF28F622291F4831009EA839 /* Assets.xcassets */,
				CF28F624291F4831009EA839 /* LaunchScreen.storyboard */,
				CF28F627291F4831009EA839 /* Info.plist */,
			);
			path = LetsTalk;
			sourceTree = "<group>";
		};
		CF28F62F291F4831009EA839 /* LetsTalkTests */ = {
			isa = PBXGroup;
			children = (
				CF28F630291F4831009EA839 /* LetsTalkTests.swift */,
			);
			path = LetsTalkTests;
			sourceTree = "<group>";
		};
		CF28F639291F4831009EA839 /* LetsTalkUITests */ = {
			isa = PBXGroup;
			children = (
				CF28F63A291F4831009EA839 /* LetsTalkUITests.swift */,
				CF28F63C291F4831009EA839 /* LetsTalkUITestsLaunchTests.swift */,
			);
			path = LetsTalkUITests;
			sourceTree = "<group>";
		};
/* End PBXGroup section */

/* Begin PBXNativeTarget section */
		CF28F615291F4830009EA839 /* LetsTalk */ = {
			isa = PBXNativeTarget;
			buildConfigurationList = CF28F640291F4831009EA839 /* Build configuration list for PBXNativeTarget "LetsTalk" */;
			buildPhases = (
				CF28F612291F4830009EA839 /* Sources */,
				CF28F613291F4830009EA839 /* Frameworks */,
				CF28F614291F4830009EA839 /* Resources */,
			);
			buildRules = (
			);
			dependencies = (
			);
			name = LetsTalk;
			productName = LetsTalk;
			productReference = CF28F616291F4830009EA839 /* LetsTalk.app */;
			productType = "com.apple.product-type.application";
		};
		CF28F62B291F4831009EA839 /* LetsTalkTests */ = {
			isa = PBXNativeTarget;
			buildConfigurationList = CF28F643291F4831009EA839 /* Build configuration list for PBXNativeTarget "LetsTalkTests" */;
			buildPhases = (
				CF28F628291F4831009EA839 /* Sources */,
				CF28F629291F4831009EA839 /* Frameworks */,
				CF28F62A291F4831009EA839 /* Resources */,
			);
			buildRules = (
			);
			dependencies = (
				CF28F62E291F4831009EA839 /* PBXTargetDependency */,
			);
			name = LetsTalkTests;
			productName = LetsTalkTests;
			productReference = CF28F62C291F4831009EA839 /* LetsTalkTests.xctest */;
			productType = "com.apple.product-type.bundle.unit-test";
		};
		CF28F635291F4831009EA839 /* LetsTalkUITests */ = {
			isa = PBXNativeTarget;
			buildConfigurationList = CF28F646291F4831009EA839 /* Build configuration list for PBXNativeTarget "LetsTalkUITests" */;
			buildPhases = (
				CF28F632291F4831009EA839 /* Sources */,
				CF28F633291F4831009EA839 /* Frameworks */,
				CF28F634291F4831009EA839 /* Resources */,
			);
			buildRules = (
			);
			dependencies = (
				CF28F638291F4831009EA839 /* PBXTargetDependency */,
			);
			name = LetsTalkUITests;
			productName = LetsTalkUITests;
			productReference = CF28F636291F4831009EA839 /* LetsTalkUITests.xctest */;
			productType = "com.apple.product-type.bundle.ui-testing";
		};
/* End PBXNativeTarget section */

/* Begin PBXProject section */
		CF28F60E291F4830009EA839 /* Project object */ = {
			isa = PBXProject;
			attributes = {
				BuildIndependentTargetsInParallel = 1;
				LastSwiftUpdateCheck = 1410;
				LastUpgradeCheck = 1410;
				TargetAttributes = {
					CF28F615291F4830009EA839 = {
						CreatedOnToolsVersion = 14.1;
					};
					CF28F62B291F4831009EA839 = {
						CreatedOnToolsVersion = 14.1;
						TestTargetID = CF28F615291F4830009EA839;
					};
					CF28F635291F4831009EA839 = {
						CreatedOnToolsVersion = 14.1;
						TestTargetID = CF28F615291F4830009EA839;
					};
				};
			};
			buildConfigurationList = CF28F611291F4830009EA839 /* Build configuration list for PBXProject "LetsTalk" */;
			compatibilityVersion = "Xcode 14.0";
			developmentRegion = en;
			hasScannedForEncodings = 0;
			knownRegions = (
				en,
				Base,
			);
			mainGroup = CF28F60D291F4830009EA839;
			productRefGroup = CF28F617291F4830009EA839 /* Products */;
			projectDirPath = "";
			projectRoot = "";
			targets = (
				CF28F615291F4830009EA839 /* LetsTalk */,
				CF28F62B291F4831009EA839 /* LetsTalkTests */,
				CF28F635291F4831009EA839 /* LetsTalkUITests */,
			);
		};
/* End PBXProject section */

/* Begin PBXResourcesBuildPhase section */
		CF28F614291F4830009EA839 /* Resources */ = {
			isa = PBXResourcesBuildPhase;
			buildActionMask = 2147483647;
			files = (
				CF28F626291F4831009EA839 /* LaunchScreen.storyboard in Resources */,
				CF28F623291F4831009EA839 /* Assets.xcassets in Resources */,
				CF28F621291F4830009EA839 /* Main.storyboard in Resources */,
			);
			runOnlyForDeploymentPostprocessing = 0;
		};
		CF28F62A291F4831009EA839 /* Resources */ = {
			isa = PBXResourcesBuildPhase;
			buildActionMask = 2147483647;
			files = (
			);
			runOnlyForDeploymentPostprocessing = 0;
		};
		CF28F634291F4831009EA839 /* Resources */ = {
			isa = PBXResourcesBuildPhase;
			buildActionMask = 2147483647;
			files = (
			);
			runOnlyForDeploymentPostprocessing = 0;
		};
/* End PBXResourcesBuildPhase section */

/* Begin PBXSourcesBuildPhase section */
		CF28F612291F4830009EA839 /* Sources */ = {
			isa = PBXSourcesBuildPhase;
			buildActionMask = 2147483647;
			files = (
				CF28F61E291F4830009EA839 /* ViewController.swift in Sources */,
				CF28F61A291F4830009EA839 /* AppDelegate.swift in Sources */,
				CF28F61C291F4830009EA839 /* SceneDelegate.swift in Sources */,
			);
			runOnlyForDeploymentPostprocessing = 0;
		};
		CF28F628291F4831009EA839 /* Sources */ = {
			isa = PBXSourcesBuildPhase;
			buildActionMask = 2147483647;
			files = (
				CF28F631291F4831009EA839 /* LetsTalkTests.swift in Sources */,
			);
			runOnlyForDeploymentPostprocessing = 0;
		};
		CF28F632291F4831009EA839 /* Sources */ = {
			isa = PBXSourcesBuildPhase;
			buildActionMask = 2147483647;
			files = (
				CF28F63D291F4831009EA839 /* LetsTalkUITestsLaunchTests.swift in Sources */,
				CF28F63B291F4831009EA839 /* LetsTalkUITests.swift in Sources */,
			);
			runOnlyForDeploymentPostprocessing = 0;
		};
/* End PBXSourcesBuildPhase section */

/* Begin PBXTargetDependency section */
		CF28F62E291F4831009EA839 /* PBXTargetDependency */ = {
			isa = PBXTargetDependency;
			target = CF28F615291F4830009EA839 /* LetsTalk */;
			targetProxy = CF28F62D291F4831009EA839 /* PBXContainerItemProxy */;
		};
		CF28F638291F4831009EA839 /* PBXTargetDependency */ = {
			isa = PBXTargetDependency;
			target = CF28F615291F4830009EA839 /* LetsTalk */;
			targetProxy = CF28F637291F4831009EA839 /* PBXContainerItemProxy */;
		};
/* End PBXTargetDependency section */

/* Begin PBXVariantGroup section */
		CF28F61F291F4830009EA839 /* Main.storyboard */ = {
			isa = PBXVariantGroup;
			children = (
				CF28F620291F4830009EA839 /* Base */,
			);
			name = Main.storyboard;
			sourceTree = "<group>";
		};
		CF28F624291F4831009EA839 /* LaunchScreen.storyboard */ = {
			isa = PBXVariantGroup;
			children = (
				CF28F625291F4831009EA839 /* Base */,
			);
			name = LaunchScreen.storyboard;
			sourceTree = "<group>";
		};
/* End PBXVariantGroup section */

/* Begin XCBuildConfiguration section */
		CF28F63E291F4831009EA839 /* Debug */ = {
			isa = XCBuildConfiguration;
			buildSettings = {
				ALWAYS_SEARCH_USER_PATHS = NO;
				CLANG_ANALYZER_NONNULL = YES;
				CLANG_ANALYZER_NUMBER_OBJECT_CONVERSION = YES_AGGRESSIVE;
				CLANG_CXX_LANGUAGE_STANDARD = "gnu++20";
				CLANG_ENABLE_MODULES = YES;
				CLANG_ENABLE_OBJC_ARC = YES;
				CLANG_ENABLE_OBJC_WEAK = YES;
				CLANG_WARN_BLOCK_CAPTURE_AUTORELEASING = YES;
				CLANG_WARN_BOOL_CONVERSION = YES;
				CLANG_WARN_COMMA = YES;
				CLANG_WARN_CONSTANT_CONVERSION = YES;
				CLANG_WARN_DEPRECATED_OBJC_IMPLEMENTATIONS = YES;
				CLANG_WARN_DIRECT_OBJC_ISA_USAGE = YES_ERROR;
				CLANG_WARN_DOCUMENTATION_COMMENTS = YES;
				CLANG_WARN_EMPTY_BODY = YES;
				CLANG_WARN_ENUM_CONVERSION = YES;
				CLANG_WARN_INFINITE_RECURSION = YES;
				CLANG_WARN_INT_CONVERSION = YES;
				CLANG_WARN_NON_LITERAL_NULL_CONVERSION = YES;
				CLANG_WARN_OBJC_IMPLICIT_RETAIN_SELF = YES;
				CLANG_WARN_OBJC_LITERAL_CONVERSION = YES;
				CLANG_WARN_OBJC_ROOT_CLASS = YES_ERROR;
				CLANG_WARN_QUOTED_INCLUDE_IN_FRAMEWORK_HEADER = YES;
				CLANG_WARN_RANGE_LOOP_ANALYSIS = YES;
				CLANG_WARN_STRICT_PROTOTYPES = YES;
				CLANG_WARN_SUSPICIOUS_MOVE = YES;
				CLANG_WARN_UNGUARDED_AVAILABILITY = YES_AGGRESSIVE;
				CLANG_WARN_UNREACHABLE_CODE = YES;
				CLANG_WARN__DUPLICATE_METHOD_MATCH = YES;
				COPY_PHASE_STRIP = NO;
				DEBUG_INFORMATION_FORMAT = dwarf;
				ENABLE_STRICT_OBJC_MSGSEND = YES;
				ENABLE_TESTABILITY = YES;
				GCC_C_LANGUAGE_STANDARD = gnu11;
				GCC_DYNAMIC_NO_PIC = NO;
				GCC_NO_COMMON_BLOCKS = YES;
				GCC_OPTIMIZATION_LEVEL = 0;
				GCC_PREPROCESSOR_DEFINITIONS = (
					"DEBUG=1",
					"$(inherited)",
				);
				GCC_WARN_64_TO_32_BIT_CONVERSION = YES;
				GCC_WARN_ABOUT_RETURN_TYPE = YES_ERROR;
				GCC_WARN_UNDECLARED_SELECTOR = YES;
				GCC_WARN_UNINITIALIZED_AUTOS = YES_AGGRESSIVE;
				GCC_WARN_UNUSED_FUNCTION = YES;
				GCC_WARN_UNUSED_VARIABLE = YES;
				IPHONEOS_DEPLOYMENT_TARGET = 16.1;
				MTL_ENABLE_DEBUG_INFO = INCLUDE_SOURCE;
				MTL_FAST_MATH = YES;
				ONLY_ACTIVE_ARCH = YES;
				SDKROOT = iphoneos;
				SWIFT_ACTIVE_COMPILATION_CONDITIONS = DEBUG;
				SWIFT_OPTIMIZATION_LEVEL = "-Onone";
			};
			name = Debug;
		};
		CF28F63F291F4831009EA839 /* Release */ = {
			isa = XCBuildConfiguration;
			buildSettings = {
				ALWAYS_SEARCH_USER_PATHS = NO;
				CLANG_ANALYZER_NONNULL = YES;
				CLANG_ANALYZER_NUMBER_OBJECT_CONVERSION = YES_AGGRESSIVE;
				CLANG_CXX_LANGUAGE_STANDARD = "gnu++20";
				CLANG_ENABLE_MODULES = YES;
				CLANG_ENABLE_OBJC_ARC = YES;
				CLANG_ENABLE_OBJC_WEAK = YES;
				CLANG_WARN_BLOCK_CAPTURE_AUTORELEASING = YES;
				CLANG_WARN_BOOL_CONVERSION = YES;
				CLANG_WARN_COMMA = YES;
				CLANG_WARN_CONSTANT_CONVERSION = YES;
				CLANG_WARN_DEPRECATED_OBJC_IMPLEMENTATIONS = YES;
				CLANG_WARN_DIRECT_OBJC_ISA_USAGE = YES_ERROR;
				CLANG_WARN_DOCUMENTATION_COMMENTS = YES;
				CLANG_WARN_EMPTY_BODY = YES;
				CLANG_WARN_ENUM_CONVERSION = YES;
				CLANG_WARN_INFINITE_RECURSION = YES;
				CLANG_WARN_INT_CONVERSION = YES;
				CLANG_WARN_NON_LITERAL_NULL_CONVERSION = YES;
				CLANG_WARN_OBJC_IMPLICIT_RETAIN_SELF = YES;
				CLANG_WARN_OBJC_LITERAL_CONVERSION = YES;
				CLANG_WARN_OBJC_ROOT_CLASS = YES_ERROR;
				CLANG_WARN_QUOTED_INCLUDE_IN_FRAMEWORK_HEADER = YES;
				CLANG_WARN_RANGE_LOOP_ANALYSIS = YES;
				CLANG_WARN_STRICT_PROTOTYPES = YES;
				CLANG_WARN_SUSPICIOUS_MOVE = YES;
				CLANG_WARN_UNGUARDED_AVAILABILITY = YES_AGGRESSIVE;
				CLANG_WARN_UNREACHABLE_CODE = YES;
				CLANG_WARN__DUPLICATE_METHOD_MATCH = YES;
				COPY_PHASE_STRIP = NO;
				DEBUG_INFORMATION_FORMAT = "dwarf-with-dsym";
				ENABLE_NS_ASSERTIONS = NO;
				ENABLE_STRICT_OBJC_MSGSEND = YES;
				GCC_C_LANGUAGE_STANDARD = gnu11;
				GCC_NO_COMMON_BLOCKS = YES;
				GCC_WARN_64_TO_32_BIT_CONVERSION = YES;
				GCC_WARN_ABOUT_RETURN_TYPE = YES_ERROR;
				GCC_WARN_UNDECLARED_SELECTOR = YES;
				GCC_WARN_UNINITIALIZED_AUTOS = YES_AGGRESSIVE;
				GCC_WARN_UNUSED_FUNCTION = YES;
				GCC_WARN_UNUSED_VARIABLE = YES;
				IPHONEOS_DEPLOYMENT_TARGET = 16.1;
				MTL_ENABLE_DEBUG_INFO = NO;
				MTL_FAST_MATH = YES;
				SDKROOT = iphoneos;
				SWIFT_COMPILATION_MODE = wholemodule;
				SWIFT_OPTIMIZATION_LEVEL = "-O";
				VALIDATE_PRODUCT = YES;
			};
			name = Release;
		};
		CF28F641291F4831009EA839 /* Debug */ = {
			isa = XCBuildConfiguration;
			buildSettings = {
				ASSETCATALOG_COMPILER_APPICON_NAME = AppIcon;
				ASSETCATALOG_COMPILER_GLOBAL_ACCENT_COLOR_NAME = AccentColor;
				CODE_SIGN_STYLE = Automatic;
				CURRENT_PROJECT_VERSION = 1;
				DEVELOPMENT_TEAM = 77LQ2AC6A3;
				GENERATE_INFOPLIST_FILE = YES;
				INFOPLIST_FILE = LetsTalk/Info.plist;
				INFOPLIST_KEY_UIApplicationSupportsIndirectInputEvents = YES;
				INFOPLIST_KEY_UILaunchStoryboardName = LaunchScreen;
				INFOPLIST_KEY_UIMainStoryboardFile = Main;
				INFOPLIST_KEY_UISupportedInterfaceOrientations_iPad = "UIInterfaceOrientationPortrait UIInterfaceOrientationPortraitUpsideDown UIInterfaceOrientationLandscapeLeft UIInterfaceOrientationLandscapeRight";
				INFOPLIST_KEY_UISupportedInterfaceOrientations_iPhone = "UIInterfaceOrientationPortrait UIInterfaceOrientationLandscapeLeft UIInterfaceOrientationLandscapeRight";
				LD_RUNPATH_SEARCH_PATHS = (
					"$(inherited)",
					"@executable_path/Frameworks",
				);
				MARKETING_VERSION = 1.0;
				PRODUCT_BUNDLE_IDENTIFIER = OOAD.LetsTalk;
				PRODUCT_NAME = "$(TARGET_NAME)";
				SWIFT_EMIT_LOC_STRINGS = YES;
				SWIFT_VERSION = 5.0;
				TARGETED_DEVICE_FAMILY = "1,2";
			};
			name = Debug;
		};
		CF28F642291F4831009EA839 /* Release */ = {
			isa = XCBuildConfiguration;
			buildSettings = {
				ASSETCATALOG_COMPILER_APPICON_NAME = AppIcon;
				ASSETCATALOG_COMPILER_GLOBAL_ACCENT_COLOR_NAME = AccentColor;
				CODE_SIGN_STYLE = Automatic;
				CURRENT_PROJECT_VERSION = 1;
				DEVELOPMENT_TEAM = 77LQ2AC6A3;
				GENERATE_INFOPLIST_FILE = YES;
				INFOPLIST_FILE = LetsTalk/Info.plist;
				INFOPLIST_KEY_UIApplicationSupportsIndirectInputEvents = YES;
				INFOPLIST_KEY_UILaunchStoryboardName = LaunchScreen;
				INFOPLIST_KEY_UIMainStoryboardFile = Main;
				INFOPLIST_KEY_UISupportedInterfaceOrientations_iPad = "UIInterfaceOrientationPortrait UIInterfaceOrientationPortraitUpsideDown UIInterfaceOrientationLandscapeLeft UIInterfaceOrientationLandscapeRight";
				INFOPLIST_KEY_UISupportedInterfaceOrientations_iPhone = "UIInterfaceOrientationPortrait UIInterfaceOrientationLandscapeLeft UIInterfaceOrientationLandscapeRight";
				LD_RUNPATH_SEARCH_PATHS = (
					"$(inherited)",
					"@executable_path/Frameworks",
				);
				MARKETING_VERSION = 1.0;
				PRODUCT_BUNDLE_IDENTIFIER = OOAD.LetsTalk;
				PRODUCT_NAME = "$(TARGET_NAME)";
				SWIFT_EMIT_LOC_STRINGS = YES;
				SWIFT_VERSION = 5.0;
				TARGETED_DEVICE_FAMILY = "1,2";
			};
			name = Release;
		};
		CF28F644291F4831009EA839 /* Debug */ = {
			isa = XCBuildConfiguration;
			buildSettings = {
				ALWAYS_EMBED_SWIFT_STANDARD_LIBRARIES = YES;
				BUNDLE_LOADER = "$(TEST_HOST)";
				CODE_SIGN_STYLE = Automatic;
				CURRENT_PROJECT_VERSION = 1;
				DEVELOPMENT_TEAM = 77LQ2AC6A3;
				GENERATE_INFOPLIST_FILE = YES;
				IPHONEOS_DEPLOYMENT_TARGET = 16.1;
				MARKETING_VERSION = 1.0;
				PRODUCT_BUNDLE_IDENTIFIER = OOAD.LetsTalkTests;
				PRODUCT_NAME = "$(TARGET_NAME)";
				SWIFT_EMIT_LOC_STRINGS = NO;
				SWIFT_VERSION = 5.0;
				TARGETED_DEVICE_FAMILY = "1,2";
				TEST_HOST = "$(BUILT_PRODUCTS_DIR)/LetsTalk.app/$(BUNDLE_EXECUTABLE_FOLDER_PATH)/LetsTalk";
			};
			name = Debug;
		};
		CF28F645291F4831009EA839 /* Release */ = {
			isa = XCBuildConfiguration;
			buildSettings = {
				ALWAYS_EMBED_SWIFT_STANDARD_LIBRARIES = YES;
				BUNDLE_LOADER = "$(TEST_HOST)";
				CODE_SIGN_STYLE = Automatic;
				CURRENT_PROJECT_VERSION = 1;
				DEVELOPMENT_TEAM = 77LQ2AC6A3;
				GENERATE_INFOPLIST_FILE = YES;
				IPHONEOS_DEPLOYMENT_TARGET = 16.1;
				MARKETING_VERSION = 1.0;
				PRODUCT_BUNDLE_IDENTIFIER = OOAD.LetsTalkTests;
				PRODUCT_NAME = "$(TARGET_NAME)";
				SWIFT_EMIT_LOC_STRINGS = NO;
				SWIFT_VERSION = 5.0;
				TARGETED_DEVICE_FAMILY = "1,2";
				TEST_HOST = "$(BUILT_PRODUCTS_DIR)/LetsTalk.app/$(BUNDLE_EXECUTABLE_FOLDER_PATH)/LetsTalk";
			};
			name = Release;
		};
		CF28F647291F4831009EA839 /* Debug */ = {
			isa = XCBuildConfiguration;
			buildSettings = {
				ALWAYS_EMBED_SWIFT_STANDARD_LIBRARIES = YES;
				CODE_SIGN_STYLE = Automatic;
				CURRENT_PROJECT_VERSION = 1;
				DEVELOPMENT_TEAM = 77LQ2AC6A3;
				GENERATE_INFOPLIST_FILE = YES;
				MARKETING_VERSION = 1.0;
				PRODUCT_BUNDLE_IDENTIFIER = OOAD.LetsTalkUITests;
				PRODUCT_NAME = "$(TARGET_NAME)";
				SWIFT_EMIT_LOC_STRINGS = NO;
				SWIFT_VERSION = 5.0;
				TARGETED_DEVICE_FAMILY = "1,2";
				TEST_TARGET_NAME = LetsTalk;
			};
			name = Debug;
		};
		CF28F648291F4831009EA839 /* Release */ = {
			isa = XCBuildConfiguration;
			buildSettings = {
				ALWAYS_EMBED_SWIFT_STANDARD_LIBRARIES = YES;
				CODE_SIGN_STYLE = Automatic;
				CURRENT_PROJECT_VERSION = 1;
				DEVELOPMENT_TEAM = 77LQ2AC6A3;
				GENERATE_INFOPLIST_FILE = YES;
				MARKETING_VERSION = 1.0;
				PRODUCT_BUNDLE_IDENTIFIER = OOAD.LetsTalkUITests;
				PRODUCT_NAME = "$(TARGET_NAME)";
				SWIFT_EMIT_LOC_STRINGS = NO;
				SWIFT_VERSION = 5.0;
				TARGETED_DEVICE_FAMILY = "1,2";
				TEST_TARGET_NAME = LetsTalk;
			};
			name = Release;
		};
/* End XCBuildConfiguration section */

/* Begin XCConfigurationList section */
		CF28F611291F4830009EA839 /* Build configuration list for PBXProject "LetsTalk" */ = {
			isa = XCConfigurationList;
			buildConfigurations = (
				CF28F63E291F4831009EA839 /* Debug */,
				CF28F63F291F4831009EA839 /* Release */,
			);
			defaultConfigurationIsVisible = 0;
			defaultConfigurationName = Release;
		};
		CF28F640291F4831009EA839 /* Build configuration list for PBXNativeTarget "LetsTalk" */ = {
			isa = XCConfigurationList;
			buildConfigurations = (
				CF28F641291F4831009EA839 /* Debug */,
				CF28F642291F4831009EA839 /* Release */,
			);
			defaultConfigurationIsVisible = 0;
			defaultConfigurationName = Release;
		};
		CF28F643291F4831009EA839 /* Build configuration list for PBXNativeTarget "LetsTalkTests" */ = {
			isa = XCConfigurationList;
			buildConfigurations = (
				CF28F644291F4831009EA839 /* Debug */,
				CF28F645291F4831009EA839 /* Release */,
			);
			defaultConfigurationIsVisible = 0;
			defaultConfigurationName = Release;
		};
		CF28F646291F4831009EA839 /* Build configuration list for PBXNativeTarget "LetsTalkUITests" */ = {
			isa = XCConfigurationList;
			buildConfigurations = (
				CF28F647291F4831009EA839 /* Debug */,
				CF28F648291F4831009EA839 /* Release */,
			);
			defaultConfigurationIsVisible = 0;
			defaultConfigurationName = Release;
		};
/* End XCConfigurationList section */
	};
	rootObject = CF28F60E291F4830009EA839 /* Project object */;
}
